
Microsoft Visual Studio Solution File, Format Version 12.00
# Visual Studio 15
VisualStudioVersion = 15.0.28010.2019
MinimumVisualStudioVersion = 10.0.40219.1
Project("{00D1A9C2-B5F0-4AF3-8072-F6C62B433612}") = "TestDB", "TestDB\TestDB.sqlproj", "{433B8915-B2D3-4568-B4DD-938D35DA3C88}"
EndProject
Global
	GlobalSection(SolutionConfigurationPlatforms) = preSolution
		Debug|Any CPU = Debug|Any CPU
		Release|Any CPU = Release|Any CPU
	EndGlobalSection
	GlobalSection(ProjectConfigurationPlatforms) = postSolution
		{433B8915-B2D3-4568-B4DD-938D35DA3C88}.Debug|Any CPU.ActiveCfg = Debug|Any CPU
		{433B8915-B2D3-4568-B4DD-938D35DA3C88}.Debug|Any CPU.Build.0 = Debug|Any CPU
		{433B8915-B2D3-4568-B4DD-938D35DA3C88}.Debug|Any CPU.Deploy.0 = Debug|Any CPU
		{433B8915-B2D3-4568-B4DD-938D35DA3C88}.Release|Any CPU.ActiveCfg = Release|Any CPU
		{433B8915-B2D3-4568-B4DD-938D35DA3C88}.Release|Any CPU.Build.0 = Release|Any CPU
		{433B8915-B2D3-4568-B4DD-938D35DA3C88}.Release|Any CPU.Deploy.0 = Release|Any CPU
	EndGlobalSection
	GlobalSection(SolutionProperties) = preSolution
		HideSolutionNode = FALSE
	EndGlobalSection
	GlobalSection(ExtensibilityGlobals) = postSolution
		SolutionGuid = {C194B72B-FBB6-40EF-9D76-1B8AF0C92380}
	EndGlobalSection
EndGlobal
